
Microsoft Visual Studio Solution File, Format Version 12.00
# Visual Studio Version 17
VisualStudioVersion = 17.1.32407.343
MinimumVisualStudioVersion = 10.0.40219.1
Project("{FAE04EC0-301F-11D3-BF4B-00C04F79EFBC}") = "ServerLogProcessing", "ServerLogProcessing\ServerLogProcessing.csproj", "{C41B7AB2-8B31-452B-9AB1-6F8D7E4EB67C}"
EndProject
Global
	GlobalSection(SolutionConfigurationPlatforms) = preSolution
		Debug|Any CPU = Debug|Any CPU
		Release|Any CPU = Release|Any CPU
	EndGlobalSection
	GlobalSection(ProjectConfigurationPlatforms) = postSolution
		{C41B7AB2-8B31-452B-9AB1-6F8D7E4EB67C}.Debug|Any CPU.ActiveCfg = Debug|Any CPU
		{C41B7AB2-8B31-452B-9AB1-6F8D7E4EB67C}.Debug|Any CPU.Build.0 = Debug|Any CPU
		{C41B7AB2-8B31-452B-9AB1-6F8D7E4EB67C}.Release|Any CPU.ActiveCfg = Release|Any CPU
		{C41B7AB2-8B31-452B-9AB1-6F8D7E4EB67C}.Release|Any CPU.Build.0 = Release|Any CPU
	EndGlobalSection
	GlobalSection(SolutionProperties) = preSolution
		HideSolutionNode = FALSE
	EndGlobalSection
	GlobalSection(ExtensibilityGlobals) = postSolution
		SolutionGuid = {6A4CD1DF-CCBD-4EFF-8FC4-E14B492688A6}
	EndGlobalSection
EndGlobal
